
Microsoft Visual Studio Solution File, Format Version 12.00
# Visual Studio Version 17
VisualStudioVersion = 17.7.34031.279
MinimumVisualStudioVersion = 10.0.40219.1
Project("{9A19103F-16F7-4668-BE54-9A1E7A4F7556}") = "CelesteNet.Shared", "CelesteNet.Shared\CelesteNet.Shared.csproj", "{DF8E8764-60D1-4EC8-9997-4208551B4EC1}"
EndProject
Project("{9A19103F-16F7-4668-BE54-9A1E7A4F7556}") = "CelesteNet.Client", "CelesteNet.Client\CelesteNet.Client.csproj", "{807F0060-5335-4453-8C5A-55D82600BC2B}"
EndProject
Project("{9A19103F-16F7-4668-BE54-9A1E7A4F7556}") = "CelesteNet.Server", "CelesteNet.Server\CelesteNet.Server.csproj", "{B4DFB785-926A-4DF3-8555-F114AFD70102}"
EndProject
Project("{911E67C6-3D85-4FCE-B560-20A9C3E3FF48}") = "Celeste", "..\..\Celeste.exe", "{87AC742C-B0C1-4E7D-90A3-CADE72EB867C}"
	ProjectSection(DebuggerProjectSystem) = preProject
		PortSupplier = 00000000-0000-0000-0000-000000000000
		Executable = D:\Program Files (x86)\Steam\steamapps\common\Celeste\Celeste.exe
		RemoteMachine = ade-main-win
		StartingDirectory = D:\Program Files (x86)\Steam\steamapps\common\Celeste
		Environment = Default
		LaunchingEngine = 00000000-0000-0000-0000-000000000000
		UseLegacyDebugEngines = No
		LaunchSQLEngine = No
		AttachLaunchAction = No
		IORedirection = Auto
	EndProjectSection
EndProject
Project("{2150E333-8FDC-42A3-9474-1A3956D46DE8}") = "Solution Items", "Solution Items", "{A2A695E6-AD24-4BF9-AE44-3B3FC4F0A0B3}"
	ProjectSection(SolutionItems) = preProject
		.editorconfig = .editorconfig
		CelesteNet.props = CelesteNet.props
		everest.yaml = everest.yaml
	EndProjectSection
EndProject
Project("{2150E333-8FDC-42A3-9474-1A3956D46DE8}") = "Dialog", "Dialog", "{30CD2B21-9175-456F-AF35-57BC9E735E9E}"
	ProjectSection(SolutionItems) = preProject
		Dialog\English.txt = Dialog\English.txt
	EndProjectSection
EndProject
Project("{2150E333-8FDC-42A3-9474-1A3956D46DE8}") = "Graphics", "Graphics", "{EA46831D-A8C1-48F4-8E8A-B331EA03B73C}"
EndProject
Project("{2150E333-8FDC-42A3-9474-1A3956D46DE8}") = "Atlases", "Atlases", "{B101467E-391E-4794-8FE5-D8E968BEFA74}"
EndProject
Project("{2150E333-8FDC-42A3-9474-1A3956D46DE8}") = "Gui", "Gui", "{9AE35793-3E94-4E8C-BDA7-C314BA7012FA}"
EndProject
Project("{2150E333-8FDC-42A3-9474-1A3956D46DE8}") = "celestenet", "celestenet", "{835CD78E-3E88-46F8-81EE-FC42E1D8FB38}"
EndProject
Project("{2150E333-8FDC-42A3-9474-1A3956D46DE8}") = "iconwheel", "iconwheel", "{02E424ED-285B-453B-997F-3C4AC74DB4F6}"
	ProjectSection(SolutionItems) = preProject
		Graphics\Atlases\Gui\celestenet\iconwheel\bg.png = Graphics\Atlases\Gui\celestenet\iconwheel\bg.png
		Graphics\Atlases\Gui\celestenet\iconwheel\indicator.png = Graphics\Atlases\Gui\celestenet\iconwheel\indicator.png
		Graphics\Atlases\Gui\celestenet\iconwheel\line.png = Graphics\Atlases\Gui\celestenet\iconwheel\line.png
	EndProjectSection
EndProject
Project("{9A19103F-16F7-4668-BE54-9A1E7A4F7556}") = "CelesteNet.Server.FrontendModule", "CelesteNet.Server.FrontendModule\CelesteNet.Server.FrontendModule.csproj", "{E457A1D6-7FB5-4125-8ADD-47154C1F7DEE}"
EndProject
Project("{9A19103F-16F7-4668-BE54-9A1E7A4F7556}") = "CelesteNet.Server.ChatModule", "CelesteNet.Server.ChatModule\CelesteNet.Server.ChatModule.csproj", "{D58962F4-3A09-4D56-9516-C46AD9AAECBA}"
EndProject
Project("{2150E333-8FDC-42A3-9474-1A3956D46DE8}") = "emoji", "emoji", "{273EB989-5755-4F5C-A630-574B7F197C27}"
	ProjectSection(SolutionItems) = preProject
		Graphics\Atlases\Gui\emoji\celestenet_debugmap.png = Graphics\Atlases\Gui\emoji\celestenet_debugmap.png
		Graphics\Atlases\Gui\emoji\celestenet_idle.png = Graphics\Atlases\Gui\emoji\celestenet_idle.png
	EndProjectSection
EndProject
Project("{9A19103F-16F7-4668-BE54-9A1E7A4F7556}") = "CelesteNet.Server.SqliteModule", "CelesteNet.Server.SqliteModule\CelesteNet.Server.SqliteModule.csproj", "{A43B6AC6-3305-4DCC-B8AE-A3FD7ACB3547}"
EndProject
Project("{2150E333-8FDC-42A3-9474-1A3956D46DE8}") = "CelesteNet.Extras", "CelesteNet.Extras", "{3C38147E-7144-4987-9381-2CF997084C50}"
EndProject
Global
	GlobalSection(SolutionConfigurationPlatforms) = preSolution
		Debug|Any CPU = Debug|Any CPU
		Release|Any CPU = Release|Any CPU
	EndGlobalSection
	GlobalSection(ProjectConfigurationPlatforms) = postSolution
		{DF8E8764-60D1-4EC8-9997-4208551B4EC1}.Debug|Any CPU.ActiveCfg = Debug|Any CPU
		{DF8E8764-60D1-4EC8-9997-4208551B4EC1}.Debug|Any CPU.Build.0 = Debug|Any CPU
		{DF8E8764-60D1-4EC8-9997-4208551B4EC1}.Release|Any CPU.ActiveCfg = Release|Any CPU
		{DF8E8764-60D1-4EC8-9997-4208551B4EC1}.Release|Any CPU.Build.0 = Release|Any CPU
		{807F0060-5335-4453-8C5A-55D82600BC2B}.Debug|Any CPU.ActiveCfg = Debug|Any CPU
		{807F0060-5335-4453-8C5A-55D82600BC2B}.Debug|Any CPU.Build.0 = Debug|Any CPU
		{807F0060-5335-4453-8C5A-55D82600BC2B}.Release|Any CPU.ActiveCfg = Release|Any CPU
		{807F0060-5335-4453-8C5A-55D82600BC2B}.Release|Any CPU.Build.0 = Release|Any CPU
		{B4DFB785-926A-4DF3-8555-F114AFD70102}.Debug|Any CPU.ActiveCfg = Debug|Any CPU
		{B4DFB785-926A-4DF3-8555-F114AFD70102}.Debug|Any CPU.Build.0 = Debug|Any CPU
		{B4DFB785-926A-4DF3-8555-F114AFD70102}.Release|Any CPU.ActiveCfg = Release|Any CPU
		{B4DFB785-926A-4DF3-8555-F114AFD70102}.Release|Any CPU.Build.0 = Release|Any CPU
		{87AC742C-B0C1-4E7D-90A3-CADE72EB867C}.Debug|Any CPU.ActiveCfg = Release|x86
		{87AC742C-B0C1-4E7D-90A3-CADE72EB867C}.Release|Any CPU.ActiveCfg = Release|x86
		{E457A1D6-7FB5-4125-8ADD-47154C1F7DEE}.Debug|Any CPU.ActiveCfg = Debug|Any CPU
		{E457A1D6-7FB5-4125-8ADD-47154C1F7DEE}.Debug|Any CPU.Build.0 = Debug|Any CPU
		{E457A1D6-7FB5-4125-8ADD-47154C1F7DEE}.Release|Any CPU.ActiveCfg = Release|Any CPU
		{E457A1D6-7FB5-4125-8ADD-47154C1F7DEE}.Release|Any CPU.Build.0 = Release|Any CPU
		{D58962F4-3A09-4D56-9516-C46AD9AAECBA}.Debug|Any CPU.ActiveCfg = Debug|Any CPU
		{D58962F4-3A09-4D56-9516-C46AD9AAECBA}.Debug|Any CPU.Build.0 = Debug|Any CPU
		{D58962F4-3A09-4D56-9516-C46AD9AAECBA}.Release|Any CPU.ActiveCfg = Release|Any CPU
		{D58962F4-3A09-4D56-9516-C46AD9AAECBA}.Release|Any CPU.Build.0 = Release|Any CPU
		{A43B6AC6-3305-4DCC-B8AE-A3FD7ACB3547}.Debug|Any CPU.ActiveCfg = Debug|Any CPU
		{A43B6AC6-3305-4DCC-B8AE-A3FD7ACB3547}.Debug|Any CPU.Build.0 = Debug|Any CPU
		{A43B6AC6-3305-4DCC-B8AE-A3FD7ACB3547}.Release|Any CPU.ActiveCfg = Release|Any CPU
		{A43B6AC6-3305-4DCC-B8AE-A3FD7ACB3547}.Release|Any CPU.Build.0 = Release|Any CPU
	EndGlobalSection
	GlobalSection(SolutionProperties) = preSolution
		HideSolutionNode = FALSE
	EndGlobalSection
	GlobalSection(NestedProjects) = preSolution
		{30CD2B21-9175-456F-AF35-57BC9E735E9E} = {A2A695E6-AD24-4BF9-AE44-3B3FC4F0A0B3}
		{EA46831D-A8C1-48F4-8E8A-B331EA03B73C} = {A2A695E6-AD24-4BF9-AE44-3B3FC4F0A0B3}
		{B101467E-391E-4794-8FE5-D8E968BEFA74} = {EA46831D-A8C1-48F4-8E8A-B331EA03B73C}
		{9AE35793-3E94-4E8C-BDA7-C314BA7012FA} = {B101467E-391E-4794-8FE5-D8E968BEFA74}
		{835CD78E-3E88-46F8-81EE-FC42E1D8FB38} = {9AE35793-3E94-4E8C-BDA7-C314BA7012FA}
		{02E424ED-285B-453B-997F-3C4AC74DB4F6} = {835CD78E-3E88-46F8-81EE-FC42E1D8FB38}
		{273EB989-5755-4F5C-A630-574B7F197C27} = {9AE35793-3E94-4E8C-BDA7-C314BA7012FA}
		{3C38147E-7144-4987-9381-2CF997084C50} = {A2A695E6-AD24-4BF9-AE44-3B3FC4F0A0B3}
	EndGlobalSection
	GlobalSection(ExtensibilityGlobals) = postSolution
		SolutionGuid = {7FDFC39A-82B7-4B23-8208-F246E9B3A7A2}
	EndGlobalSection
EndGlobal
