{
  "requires": true,
  "lockfileVersion": 1,
  "dependencies": {
    "@material/animation": {
      "version": "6.0.0",
      "resolved": "https://registry.npmjs.org/@material/animation/-/animation-6.0.0.tgz",
      "integrity": "sha512-BxlzXzQ5W2WtaEVV4/PqkTpKB5PfOUvPmr1EK8+xQ0ouMV4qiWuwBfnu7DgXF+cglpFP3T71uHVYmh6lMdi4vg==",
      "requires": {
        "tslib": "^1.9.3"
      }
    },
    "@material/auto-init": {
      "version": "6.0.0",
      "resolved": "https://registry.npmjs.org/@material/auto-init/-/auto-init-6.0.0.tgz",
      "integrity": "sha512-6ahOyXRY1nlBoK7oXqsRmPMcPwkQCru7rAl+2e5U9PiwvNkwRLWG9gQVomZnCvrVOKMxOC97jVu6ePZIZkB4Lw==",
      "requires": {
        "@material/base": "^6.0.0",
        "tslib": "^1.9.3"
      }
    },
    "@material/base": {
      "version": "6.0.0",
      "resolved": "https://registry.npmjs.org/@material/base/-/base-6.0.0.tgz",
      "integrity": "sha512-S3rT7B9xa9IfHXIvYXYqbo6YVu9FWbFqTt1tMUCniizTRlpmHu9b5pmQ20f6mm3K3wAFD+crqsrtie2Y8h8r5g==",
      "requires": {
        "tslib": "^1.9.3"
      }
    },
    "@material/button": {
      "version": "6.0.0",
      "resolved": "https://registry.npmjs.org/@material/button/-/button-6.0.0.tgz",
      "integrity": "sha512-Xv83A5dL5l8hQHM1gOeD/0DpjsbzPeZtrXBWvf2q0d1uN0LE52ocrTHXJnJw9zNudoaBTopTQDsFQEdWqVYlFA==",
      "requires": {
        "@material/density": "^6.0.0",
        "@material/elevation": "^6.0.0",
        "@material/feature-targeting": "^6.0.0",
        "@material/ripple": "^6.0.0",
        "@material/rtl": "^6.0.0",
        "@material/shape": "^6.0.0",
        "@material/theme": "^6.0.0",
        "@material/touch-target": "^6.0.0",
        "@material/typography": "^6.0.0"
      }
    },
    "@material/card": {
      "version": "6.0.0",
      "resolved": "https://registry.npmjs.org/@material/card/-/card-6.0.0.tgz",
      "integrity": "sha512-pqqy087rw9VgP180WxGgC/UmiIW4QTom8VWihSwo8dXmTKQgpY4KP4TvV9sBN/xVTCiW5RQ++j7oZKDQDlyobA==",
      "requires": {
        "@material/elevation": "^6.0.0",
        "@material/feature-targeting": "^6.0.0",
        "@material/ripple": "^6.0.0",
        "@material/rtl": "^6.0.0",
        "@material/shape": "^6.0.0",
        "@material/theme": "^6.0.0"
      }
    },
    "@material/checkbox": {
      "version": "6.0.0",
      "resolved": "https://registry.npmjs.org/@material/checkbox/-/checkbox-6.0.0.tgz",
      "integrity": "sha512-E9fXgSZMWKHbcpzwVFWW2/ZZo8vJ5OJXSvhoQbl+Pj+NGTl4f4MY8xMj8qwA08Dqp/Bv7zfSAB1Xe7akfwQg9w==",
      "requires": {
        "@material/animation": "^6.0.0",
        "@material/base": "^6.0.0",
        "@material/density": "^6.0.0",
        "@material/dom": "^6.0.0",
        "@material/feature-targeting": "^6.0.0",
        "@material/ripple": "^6.0.0",
        "@material/theme": "^6.0.0",
        "@material/touch-target": "^6.0.0",
        "tslib": "^1.9.3"
      }
    },
    "@material/chips": {
      "version": "6.0.0",
      "resolved": "https://registry.npmjs.org/@material/chips/-/chips-6.0.0.tgz",
      "integrity": "sha512-6R5ZG3hNGvBN+YeVdB1KB1M1Axb5n2051g0QDWNWTnIeZw6+vONMnCx2Wn2WwLyvIXNaFZgBi5mhk5GO+eOd4w==",
      "requires": {
        "@material/animation": "^6.0.0",
        "@material/base": "^6.0.0",
        "@material/checkbox": "^6.0.0",
        "@material/density": "^6.0.0",
        "@material/dom": "^6.0.0",
        "@material/elevation": "^6.0.0",
        "@material/feature-targeting": "^6.0.0",
        "@material/ripple": "^6.0.0",
        "@material/rtl": "^6.0.0",
        "@material/shape": "^6.0.0",
        "@material/theme": "^6.0.0",
        "@material/touch-target": "^6.0.0",
        "@material/typography": "^6.0.0",
        "tslib": "^1.9.3"
      }
    },
    "@material/circular-progress": {
      "version": "6.0.0",
      "resolved": "https://registry.npmjs.org/@material/circular-progress/-/circular-progress-6.0.0.tgz",
      "integrity": "sha512-Lt5qWOK5PyBwspmRbRFRGs4gCI7YZVWiO3zyL2O+oGuZHNhZjYDS58zjFEPAVqucGwsE3ewINr3jsv6NriWhEw==",
      "requires": {
        "@material/animation": "^6.0.0",
        "@material/base": "^6.0.0",
        "@material/feature-targeting": "^6.0.0",
        "@material/progress-indicator": "^6.0.0",
        "@material/theme": "^6.0.0",
        "tslib": "^1.9.3"
      }
    },
    "@material/data-table": {
      "version": "6.0.0",
      "resolved": "https://registry.npmjs.org/@material/data-table/-/data-table-6.0.0.tgz",
      "integrity": "sha512-63oV0HSbfgxcFs9Q4wxD8Q90NM4g3jPUOsYvu+RQgcptXTVvl2OFM1PMpenbxAxmgUT61PTS+dOMFMwhbY4Bxg==",
      "requires": {
        "@material/animation": "^6.0.0",
        "@material/base": "^6.0.0",
        "@material/checkbox": "^6.0.0",
        "@material/density": "^6.0.0",
        "@material/dom": "^6.0.0",
        "@material/elevation": "^6.0.0",
        "@material/feature-targeting": "^6.0.0",
        "@material/icon-button": "^6.0.0",
        "@material/rtl": "^6.0.0",
        "@material/shape": "^6.0.0",
        "@material/theme": "^6.0.0",
        "@material/typography": "^6.0.0",
        "tslib": "^1.10.0"
      }
    },
    "@material/density": {
      "version": "6.0.0",
      "resolved": "https://registry.npmjs.org/@material/density/-/density-6.0.0.tgz",
      "integrity": "sha512-svKiq7XtUg89hf08XGFF46NdiQAZfey5CiatmNxD3WX7LUoCb5zc8K9BqPL63P1Sh6kty9R0AHj+6w4ASFetPA=="
    },
    "@material/dialog": {
      "version": "6.0.0",
      "resolved": "https://registry.npmjs.org/@material/dialog/-/dialog-6.0.0.tgz",
      "integrity": "sha512-3jWoCFYfT2qx1Iz3OT8mIiRXgESQY8OiWD5N7IwkZXzZgO5fNC0SL05NQaKEQ5lwyVPvQP/DggPYc2jveiPWhQ==",
      "requires": {
        "@material/animation": "^6.0.0",
        "@material/base": "^6.0.0",
        "@material/button": "^6.0.0",
        "@material/dom": "^6.0.0",
        "@material/elevation": "^6.0.0",
        "@material/feature-targeting": "^6.0.0",
        "@material/ripple": "^6.0.0",
        "@material/rtl": "^6.0.0",
        "@material/shape": "^6.0.0",
        "@material/theme": "^6.0.0",
        "@material/touch-target": "^6.0.0",
        "@material/typography": "^6.0.0",
        "tslib": "^1.9.3"
      }
    },
    "@material/dom": {
      "version": "6.0.0",
      "resolved": "https://registry.npmjs.org/@material/dom/-/dom-6.0.0.tgz",
      "integrity": "sha512-9hvoi3MxR25dmyv15xJGRS+Ezlr0oD+Y6k4UyAbLpExFP2OakTZc8Xj0Fd7Nwav3I5aIXyC5jJ2gvhZcy1cI9A==",
      "requires": {
        "@material/feature-targeting": "^6.0.0",
        "tslib": "^1.9.3"
      }
    },
    "@material/drawer": {
      "version": "6.0.0",
      "resolved": "https://registry.npmjs.org/@material/drawer/-/drawer-6.0.0.tgz",
      "integrity": "sha512-ukh5R+aMOBf5wmZQul8eHR/nEbLmxk7SXxXanv7EXCRmY8bgNyAsnWu7ZmCAYlMN6lww2mpTEJqvi5XbCjbSiw==",
      "requires": {
        "@material/animation": "^6.0.0",
        "@material/base": "^6.0.0",
        "@material/dom": "^6.0.0",
        "@material/elevation": "^6.0.0",
        "@material/feature-targeting": "^6.0.0",
        "@material/list": "^6.0.0",
        "@material/ripple": "^6.0.0",
        "@material/rtl": "^6.0.0",
        "@material/shape": "^6.0.0",
        "@material/theme": "^6.0.0",
        "@material/typography": "^6.0.0",
        "tslib": "^1.9.3"
      }
    },
    "@material/elevation": {
      "version": "6.0.0",
      "resolved": "https://registry.npmjs.org/@material/elevation/-/elevation-6.0.0.tgz",
      "integrity": "sha512-9WNBu/MKTQX40Ev3ayq5V8Pf/E/DqUPRQO8F0YA99jRWuYScpX2zeJlpRe+wLI6zIxtfFcVvRW9D4O1s1Bmbdg==",
      "requires": {
        "@material/animation": "^6.0.0",
        "@material/base": "^6.0.0",
        "@material/feature-targeting": "^6.0.0",
        "@material/theme": "^6.0.0"
      }
    },
    "@material/fab": {
      "version": "6.0.0",
      "resolved": "https://registry.npmjs.org/@material/fab/-/fab-6.0.0.tgz",
      "integrity": "sha512-d+Ws2MHtS8jWKBBnj8KY5dwEUroLiGWNOZPWEP6Ms6hgSZfr9HbzUppfjFZrDG8VaJHW4DTXDcdrpZqgMMzERA==",
      "requires": {
        "@material/animation": "^6.0.0",
        "@material/dom": "^6.0.0",
        "@material/elevation": "^6.0.0",
        "@material/feature-targeting": "^6.0.0",
        "@material/ripple": "^6.0.0",
        "@material/rtl": "^6.0.0",
        "@material/shape": "^6.0.0",
        "@material/theme": "^6.0.0",
        "@material/touch-target": "^6.0.0",
        "@material/typography": "^6.0.0"
      }
    },
    "@material/feature-targeting": {
      "version": "6.0.0",
      "resolved": "https://registry.npmjs.org/@material/feature-targeting/-/feature-targeting-6.0.0.tgz",
      "integrity": "sha512-REj9VJnqkGwpngffc/iHGPt8WTF27QFPWDD8VBNXaP+MmnpIu7V5q5JMoozKzG5uk+hVryzam1i2PJHztizDXg=="
    },
    "@material/floating-label": {
      "version": "6.0.0",
      "resolved": "https://registry.npmjs.org/@material/floating-label/-/floating-label-6.0.0.tgz",
      "integrity": "sha512-hLCsJKAJtVUUcxTbphqn6JZTbkOa3TW5nLgcwcgWqTbjOWOafppnplKELeM+6oDvwg/YDcGSsvuPUOsCMRiXvw==",
      "requires": {
        "@material/animation": "^6.0.0",
        "@material/base": "^6.0.0",
        "@material/dom": "^6.0.0",
        "@material/feature-targeting": "^6.0.0",
        "@material/rtl": "^6.0.0",
        "@material/theme": "^6.0.0",
        "@material/typography": "^6.0.0",
        "tslib": "^1.9.3"
      }
    },
    "@material/form-field": {
      "version": "6.0.0",
      "resolved": "https://registry.npmjs.org/@material/form-field/-/form-field-6.0.0.tgz",
      "integrity": "sha512-i8AFoZt3OATKfY0ACqJqqYnNvJBahTjj/j6uYkFp6emUkR+Xfg5mScK1BAZRdP+IJT5nAdFex4C1sSRTssGZ5Q==",
      "requires": {
        "@material/base": "^6.0.0",
        "@material/feature-targeting": "^6.0.0",
        "@material/ripple": "^6.0.0",
        "@material/rtl": "^6.0.0",
        "@material/theme": "^6.0.0",
        "@material/typography": "^6.0.0",
        "tslib": "^1.9.3"
      }
    },
    "@material/icon-button": {
      "version": "6.0.0",
      "resolved": "https://registry.npmjs.org/@material/icon-button/-/icon-button-6.0.0.tgz",
      "integrity": "sha512-ak1BIG20FVAIj4oV20YbDhvYWIS8kn6cCcJomVBB/f8uA4OX6NO77xwaJ9tBZTURkvLJ0Z5coDLinxOHN15ffQ==",
      "requires": {
        "@material/base": "^6.0.0",
        "@material/density": "^6.0.0",
        "@material/feature-targeting": "^6.0.0",
        "@material/ripple": "^6.0.0",
        "@material/rtl": "^6.0.0",
        "@material/theme": "^6.0.0",
        "tslib": "^1.9.3"
      }
    },
    "@material/image-list": {
      "version": "6.0.0",
      "resolved": "https://registry.npmjs.org/@material/image-list/-/image-list-6.0.0.tgz",
      "integrity": "sha512-rwLNUcyv4ortDtVw0VjO/qdSCm1n7xFtb7JzdLfAFpDCiSfoWS7wXnCqkgHsJrNQSnKbMENEs+IRE2OYIbY8Ew==",
      "requires": {
        "@material/feature-targeting": "^6.0.0",
        "@material/shape": "^6.0.0",
        "@material/theme": "^6.0.0",
        "@material/typography": "^6.0.0"
      }
    },
    "@material/layout-grid": {
      "version": "6.0.0",
      "resolved": "https://registry.npmjs.org/@material/layout-grid/-/layout-grid-6.0.0.tgz",
      "integrity": "sha512-T+sB8Ss9gZQ101T2uQBtWmeuuQtEb2w4pncGYL+dX6+VDDQ8UZGaBEOcwPW0FqroRhX/CEXzF/mSVpZAyQfP0A=="
    },
    "@material/line-ripple": {
      "version": "6.0.0",
      "resolved": "https://registry.npmjs.org/@material/line-ripple/-/line-ripple-6.0.0.tgz",
      "integrity": "sha512-LppQy+bnkAD+tyGOA6/GzE4/xBGRzvJNGJZe0OvClerBxM9yOtxd8Xa8VJ+ul1hTNR/OCB2HSTWNQq5fyqTQHg==",
      "requires": {
        "@material/animation": "^6.0.0",
        "@material/base": "^6.0.0",
        "@material/feature-targeting": "^6.0.0",
        "@material/theme": "^6.0.0",
        "tslib": "^1.9.3"
      }
    },
    "@material/linear-progress": {
      "version": "6.0.0",
      "resolved": "https://registry.npmjs.org/@material/linear-progress/-/linear-progress-6.0.0.tgz",
      "integrity": "sha512-5QzyGdcBZbU2JjC4MPmXDS5i4+s4YIu9jCoAq85P7NCkdPySEs45me0BhPZocUV9FtOZ5QzDt2ZgV+vtk//DxA==",
      "requires": {
        "@material/animation": "^6.0.0",
        "@material/base": "^6.0.0",
        "@material/feature-targeting": "^6.0.0",
        "@material/progress-indicator": "^6.0.0",
        "@material/theme": "^6.0.0",
        "tslib": "^1.9.3"
      }
    },
    "@material/list": {
      "version": "6.0.0",
      "resolved": "https://registry.npmjs.org/@material/list/-/list-6.0.0.tgz",
      "integrity": "sha512-HTsASEUTCVST4lLT7hzum+ru5MQs04S6rCWLngYSEFuzhKjcTg+kJL1FNzkqlQIpEcMgaaa7CAKMl69ZrwyLrA==",
      "requires": {
        "@material/base": "^6.0.0",
        "@material/density": "^6.0.0",
        "@material/dom": "^6.0.0",
        "@material/feature-targeting": "^6.0.0",
        "@material/ripple": "^6.0.0",
        "@material/rtl": "^6.0.0",
        "@material/shape": "^6.0.0",
        "@material/theme": "^6.0.0",
        "@material/typography": "^6.0.0",
        "tslib": "^1.9.3"
      }
    },
    "@material/menu": {
      "version": "6.0.0",
      "resolved": "https://registry.npmjs.org/@material/menu/-/menu-6.0.0.tgz",
      "integrity": "sha512-er0s15pVr2VD0F7PZtZEGL5zjAIhXZwFSYZPWwJTsSLzjTw+dk2erDVzd3tPDMHub86wmX/x9DR89wPjjPTQhw==",
      "requires": {
        "@material/base": "^6.0.0",
        "@material/dom": "^6.0.0",
        "@material/elevation": "^6.0.0",
        "@material/feature-targeting": "^6.0.0",
        "@material/list": "^6.0.0",
        "@material/menu-surface": "^6.0.0",
        "@material/ripple": "^6.0.0",
        "@material/rtl": "^6.0.0",
        "@material/theme": "^6.0.0",
        "tslib": "^1.9.3"
      }
    },
    "@material/menu-surface": {
      "version": "6.0.0",
      "resolved": "https://registry.npmjs.org/@material/menu-surface/-/menu-surface-6.0.0.tgz",
      "integrity": "sha512-Uro50xxVXn8lgesbHDlfc1yibr4elHf1tdmFv7nZMCzmDWtP2XBs47EpSzkDdf3LpTHZrkAjs7h0HkKS4UxyCQ==",
      "requires": {
        "@material/animation": "^6.0.0",
        "@material/base": "^6.0.0",
        "@material/elevation": "^6.0.0",
        "@material/feature-targeting": "^6.0.0",
        "@material/rtl": "^6.0.0",
        "@material/shape": "^6.0.0",
        "@material/theme": "^6.0.0",
        "tslib": "^1.9.3"
      }
    },
    "@material/notched-outline": {
      "version": "6.0.0",
      "resolved": "https://registry.npmjs.org/@material/notched-outline/-/notched-outline-6.0.0.tgz",
      "integrity": "sha512-fSn/3rQblUmFny3qeCnWgXkQyV+nfpuXmPhf41cjUlu28TnTKA2YayL+vg8Ebi97l6osAFaT/1dEaebvpwebaQ==",
      "requires": {
        "@material/base": "^6.0.0",
        "@material/feature-targeting": "^6.0.0",
        "@material/floating-label": "^6.0.0",
        "@material/rtl": "^6.0.0",
        "@material/shape": "^6.0.0",
        "@material/theme": "^6.0.0",
        "tslib": "^1.9.3"
      }
    },
    "@material/progress-indicator": {
      "version": "6.0.0",
      "resolved": "https://registry.npmjs.org/@material/progress-indicator/-/progress-indicator-6.0.0.tgz",
      "integrity": "sha512-VIMCgw96xacKbHf92/yrGiUMJ4uHTwaoTTN7i51oToDngS6GaMobOLliOPO6Ye+z0x2ZbOxSsJTpyIKatvl5mg==",
      "requires": {
        "tslib": "^1.9.3"
      }
    },
    "@material/radio": {
      "version": "6.0.0",
      "resolved": "https://registry.npmjs.org/@material/radio/-/radio-6.0.0.tgz",
      "integrity": "sha512-Snz5uLUvXKbXX5b6Im8GB9BXKvbz6mClmp1+FwNi4Wlk15Gjq/u50odCISWYeAXAwoJl/lrteIdQIgzW/MZcPQ==",
      "requires": {
        "@material/animation": "^6.0.0",
        "@material/base": "^6.0.0",
        "@material/density": "^6.0.0",
        "@material/dom": "^6.0.0",
        "@material/feature-targeting": "^6.0.0",
        "@material/ripple": "^6.0.0",
        "@material/theme": "^6.0.0",
        "@material/touch-target": "^6.0.0",
        "tslib": "^1.9.3"
      }
    },
    "@material/ripple": {
      "version": "6.0.0",
      "resolved": "https://registry.npmjs.org/@material/ripple/-/ripple-6.0.0.tgz",
      "integrity": "sha512-z+ARpjBVkRZBhiX20aAxAMrgBcfpcCRqIcI/E3Esfyo7M+q/mm8t92ZumcahxWnOBJkHM55kkpUqHlfkYlfyZQ==",
      "requires": {
        "@material/animation": "^6.0.0",
        "@material/base": "^6.0.0",
        "@material/dom": "^6.0.0",
        "@material/feature-targeting": "^6.0.0",
        "@material/theme": "^6.0.0",
        "tslib": "^1.9.3"
      }
    },
    "@material/rtl": {
      "version": "6.0.0",
      "resolved": "https://registry.npmjs.org/@material/rtl/-/rtl-6.0.0.tgz",
      "integrity": "sha512-/WkzlUm3qylWMqv7Lw7ColZ8DYvEvTXtevxxz7PKM1hT9FNlbO1/Qywvda4VUtXivEeynXEqeT1T/ZYHV9yDVw=="
    },
    "@material/select": {
      "version": "6.0.0",
      "resolved": "https://registry.npmjs.org/@material/select/-/select-6.0.0.tgz",
      "integrity": "sha512-E8ylESgSZBpBE9bqfN4Xa0lFIrwpzbi/NXdLnqXPGQMI2NvR8cUU6M1qQ2XwsLimTebSv7S5JuhMlkqf0lzjAQ==",
      "requires": {
        "@material/animation": "^6.0.0",
        "@material/base": "^6.0.0",
        "@material/feature-targeting": "^6.0.0",
        "@material/floating-label": "^6.0.0",
        "@material/line-ripple": "^6.0.0",
        "@material/menu": "^6.0.0",
        "@material/menu-surface": "^6.0.0",
        "@material/notched-outline": "^6.0.0",
        "@material/ripple": "^6.0.0",
        "@material/rtl": "^6.0.0",
        "@material/shape": "^6.0.0",
        "@material/theme": "^6.0.0",
        "@material/typography": "^6.0.0",
        "tslib": "^1.9.3"
      }
    },
    "@material/shape": {
      "version": "6.0.0",
      "resolved": "https://registry.npmjs.org/@material/shape/-/shape-6.0.0.tgz",
      "integrity": "sha512-tZT9GGWI3QcOtyfJ07Hc3noP2b5Bvx2npx/aj+k7gEIkE06mzr08dVnVOup8z8HbHWIenxRJgdeF5+lAfBE3vw==",
      "requires": {
        "@material/feature-targeting": "^6.0.0",
        "@material/rtl": "^6.0.0"
      }
    },
    "@material/slider": {
      "version": "6.0.0",
      "resolved": "https://registry.npmjs.org/@material/slider/-/slider-6.0.0.tgz",
      "integrity": "sha512-un47bQr/LTEff/aW1Wiu1RBbGMVxM5SbC8O71E4tc7BTK6qG1hjDInlms4GYeeWhvK3NCfKfmoaO651DjyAo1g==",
      "requires": {
        "@material/animation": "^6.0.0",
        "@material/base": "^6.0.0",
        "@material/dom": "^6.0.0",
        "@material/feature-targeting": "^6.0.0",
        "@material/rtl": "^6.0.0",
        "@material/theme": "^6.0.0",
        "@material/typography": "^6.0.0",
        "tslib": "^1.9.3"
      }
    },
    "@material/snackbar": {
      "version": "6.0.0",
      "resolved": "https://registry.npmjs.org/@material/snackbar/-/snackbar-6.0.0.tgz",
      "integrity": "sha512-Cu2DXatt50qllxfJu4VwWTF74eg61bP7jmVE29O6y4LsHIjj1LYYEGBKJNYOPgsAXGgjqB+D4ssrWEr0Hl4Sew==",
      "requires": {
        "@material/animation": "^6.0.0",
        "@material/base": "^6.0.0",
        "@material/button": "^6.0.0",
        "@material/dom": "^6.0.0",
        "@material/elevation": "^6.0.0",
        "@material/feature-targeting": "^6.0.0",
        "@material/icon-button": "^6.0.0",
        "@material/ripple": "^6.0.0",
        "@material/rtl": "^6.0.0",
        "@material/shape": "^6.0.0",
        "@material/theme": "^6.0.0",
        "@material/typography": "^6.0.0",
        "tslib": "^1.9.3"
      }
    },
    "@material/switch": {
      "version": "6.0.0",
      "resolved": "https://registry.npmjs.org/@material/switch/-/switch-6.0.0.tgz",
      "integrity": "sha512-Qpg3ne2MKSLy/vkcUAsWvSZrkuY4QOqo/s1IUKQrjLrDbCS1Al/M7ZUO7ZlKsQyx3sbb9ijEmJwK6lGtn12b3Q==",
      "requires": {
        "@material/animation": "^6.0.0",
        "@material/base": "^6.0.0",
        "@material/density": "^6.0.0",
        "@material/dom": "^6.0.0",
        "@material/elevation": "^6.0.0",
        "@material/feature-targeting": "^6.0.0",
        "@material/ripple": "^6.0.0",
        "@material/rtl": "^6.0.0",
        "@material/theme": "^6.0.0",
        "tslib": "^1.9.3"
      }
    },
    "@material/tab": {
      "version": "6.0.0",
      "resolved": "https://registry.npmjs.org/@material/tab/-/tab-6.0.0.tgz",
      "integrity": "sha512-WeZQfIHT6F+zo7XgUC3C9EXPDXmIfkJoiuzIRUbHkbi8LjJhCVPCP31KlWuTnT9Hswd37y7ZGMdSN04HBoqNIQ==",
      "requires": {
        "@material/base": "^6.0.0",
        "@material/feature-targeting": "^6.0.0",
        "@material/ripple": "^6.0.0",
        "@material/rtl": "^6.0.0",
        "@material/tab-indicator": "^6.0.0",
        "@material/theme": "^6.0.0",
        "@material/typography": "^6.0.0",
        "tslib": "^1.9.3"
      }
    },
    "@material/tab-bar": {
      "version": "6.0.0",
      "resolved": "https://registry.npmjs.org/@material/tab-bar/-/tab-bar-6.0.0.tgz",
      "integrity": "sha512-Au+vTT92E/nuUb7DIAqQwdpLixy0VWJM1PlV5Zqw1nqAz5Gj8toZWKpThlZ1GjJpgftS0glr1KpxMLLXiaDnRw==",
      "requires": {
        "@material/animation": "^6.0.0",
        "@material/base": "^6.0.0",
        "@material/density": "^6.0.0",
        "@material/feature-targeting": "^6.0.0",
        "@material/tab": "^6.0.0",
        "@material/tab-scroller": "^6.0.0",
        "tslib": "^1.9.3"
      }
    },
    "@material/tab-indicator": {
      "version": "6.0.0",
      "resolved": "https://registry.npmjs.org/@material/tab-indicator/-/tab-indicator-6.0.0.tgz",
      "integrity": "sha512-/UKc6C54GcClb+bbtxZFgkaOd7VfXcGavJ43x1uw07Yn+YHhxuBt0oh2taaoi2t/dJCL1M1hW4UfcOTDFl8w5A==",
      "requires": {
        "@material/animation": "^6.0.0",
        "@material/base": "^6.0.0",
        "@material/feature-targeting": "^6.0.0",
        "@material/theme": "^6.0.0",
        "tslib": "^1.9.3"
      }
    },
    "@material/tab-scroller": {
      "version": "6.0.0",
      "resolved": "https://registry.npmjs.org/@material/tab-scroller/-/tab-scroller-6.0.0.tgz",
      "integrity": "sha512-v788wUc0rf4i4ebM9bYw3RTz6vNartE3Ko8CiYeh5GAjXgcaM25/VnEKkwXeSah0CSC7Xj0PfouWD/qfIYt63A==",
      "requires": {
        "@material/animation": "^6.0.0",
        "@material/base": "^6.0.0",
        "@material/dom": "^6.0.0",
        "@material/feature-targeting": "^6.0.0",
        "@material/tab": "^6.0.0",
        "tslib": "^1.9.3"
      }
    },
    "@material/textfield": {
      "version": "6.0.0",
      "resolved": "https://registry.npmjs.org/@material/textfield/-/textfield-6.0.0.tgz",
      "integrity": "sha512-BZAdsVYilstY4rvHxb0n/Vgs4/IcAO7U5dpcLDRWJlvOtbtfxNl4C5HuSaVUz7Mxr7+HhZAZfz3GkC1YY9XeEQ==",
      "requires": {
        "@material/animation": "^6.0.0",
        "@material/base": "^6.0.0",
        "@material/density": "^6.0.0",
        "@material/dom": "^6.0.0",
        "@material/feature-targeting": "^6.0.0",
        "@material/floating-label": "^6.0.0",
        "@material/line-ripple": "^6.0.0",
        "@material/notched-outline": "^6.0.0",
        "@material/ripple": "^6.0.0",
        "@material/rtl": "^6.0.0",
        "@material/shape": "^6.0.0",
        "@material/theme": "^6.0.0",
        "@material/typography": "^6.0.0",
        "tslib": "^1.9.3"
      }
    },
    "@material/theme": {
      "version": "6.0.0",
      "resolved": "https://registry.npmjs.org/@material/theme/-/theme-6.0.0.tgz",
      "integrity": "sha512-dViBx1lsidoQhVi/MYksTmDs8aUPj3mPVQIaBPtDRtqpIuWSwG7bCHoY8rG8FHRduPLpq3b1A4OwKHBd0RWVJw==",
      "requires": {
        "@material/feature-targeting": "^6.0.0"
      }
    },
    "@material/top-app-bar": {
      "version": "6.0.0",
      "resolved": "https://registry.npmjs.org/@material/top-app-bar/-/top-app-bar-6.0.0.tgz",
      "integrity": "sha512-qw5kFyFkF9Gps91x5zQV3jMgCY42yhbuEOaSQ4E9ujozZTp4dhkFWD0ZbZ+NvNS0KPZ7fTWmCKqxqZ97Ofl9+w==",
      "requires": {
        "@material/animation": "^6.0.0",
        "@material/base": "^6.0.0",
        "@material/elevation": "^6.0.0",
        "@material/ripple": "^6.0.0",
        "@material/rtl": "^6.0.0",
        "@material/shape": "^6.0.0",
        "@material/theme": "^6.0.0",
        "@material/typography": "^6.0.0",
        "tslib": "^1.9.3"
      }
    },
    "@material/touch-target": {
      "version": "6.0.0",
      "resolved": "https://registry.npmjs.org/@material/touch-target/-/touch-target-6.0.0.tgz",
      "integrity": "sha512-qZjrxo6honqxRV2Gy7spgkfj1qzSwy2IC8xtQb6bIolDD7kbzOxmyyaMi+TxQE0QnRWG/w6DVBSsPPQGNt4Saw==",
      "requires": {
        "@material/base": "^6.0.0",
        "@material/feature-targeting": "^6.0.0"
      }
    },
    "@material/typography": {
      "version": "6.0.0",
      "resolved": "https://registry.npmjs.org/@material/typography/-/typography-6.0.0.tgz",
      "integrity": "sha512-+4UUEYOxINMRUdyAltd1HFydjAy+MeXqUkFUXXNVsi5nFlpGTpMrxriwVaeL++XlGgvziJjDzaOe6S7zkwYxOQ==",
      "requires": {
        "@material/feature-targeting": "^6.0.0",
        "@material/theme": "^6.0.0"
      }
    },
    "material-components-web": {
      "version": "6.0.0",
      "resolved": "https://registry.npmjs.org/material-components-web/-/material-components-web-6.0.0.tgz",
      "integrity": "sha512-3TuSlPZbsAE7TSabSnjW+QK1OQOHLGgACIPoZwpbcettN3mswo/ivgf77uaqYvxrXLpwKfO8gn6ffRpZgjJLWg==",
      "requires": {
        "@material/animation": "^6.0.0",
        "@material/auto-init": "^6.0.0",
        "@material/base": "^6.0.0",
        "@material/button": "^6.0.0",
        "@material/card": "^6.0.0",
        "@material/checkbox": "^6.0.0",
        "@material/chips": "^6.0.0",
        "@material/circular-progress": "^6.0.0",
        "@material/data-table": "^6.0.0",
        "@material/density": "^6.0.0",
        "@material/dialog": "^6.0.0",
        "@material/dom": "^6.0.0",
        "@material/drawer": "^6.0.0",
        "@material/elevation": "^6.0.0",
        "@material/fab": "^6.0.0",
        "@material/feature-targeting": "^6.0.0",
        "@material/floating-label": "^6.0.0",
        "@material/form-field": "^6.0.0",
        "@material/icon-button": "^6.0.0",
        "@material/image-list": "^6.0.0",
        "@material/layout-grid": "^6.0.0",
        "@material/line-ripple": "^6.0.0",
        "@material/linear-progress": "^6.0.0",
        "@material/list": "^6.0.0",
        "@material/menu": "^6.0.0",
        "@material/menu-surface": "^6.0.0",
        "@material/notched-outline": "^6.0.0",
        "@material/radio": "^6.0.0",
        "@material/ripple": "^6.0.0",
        "@material/rtl": "^6.0.0",
        "@material/select": "^6.0.0",
        "@material/shape": "^6.0.0",
        "@material/slider": "^6.0.0",
        "@material/snackbar": "^6.0.0",
        "@material/switch": "^6.0.0",
        "@material/tab": "^6.0.0",
        "@material/tab-bar": "^6.0.0",
        "@material/tab-indicator": "^6.0.0",
        "@material/tab-scroller": "^6.0.0",
        "@material/textfield": "^6.0.0",
        "@material/theme": "^6.0.0",
        "@material/top-app-bar": "^6.0.0",
        "@material/touch-target": "^6.0.0",
        "@material/typography": "^6.0.0"
      }
    },
    "tslib": {
      "version": "1.13.0",
      "resolved": "https://registry.npmjs.org/tslib/-/tslib-1.13.0.tgz",
      "integrity": "sha512-i/6DQjL8Xf3be4K/E6Wgpekn5Qasl1usyw++dAA35Ue5orEn65VIxOA+YvNNl9HV3qv70T7CNwjODHZrLwvd1Q=="
    }
  }
}
